
Microsoft Visual Studio Solution File, Format Version 12.00
# Visual Studio Version 17
VisualStudioVersion = 17.14.36121.58
MinimumVisualStudioVersion = 10.0.40219.1
Project("{9A19103F-16F7-4668-BE54-9A1E7A4F7556}") = "ModuleBuilderLib", "ModuleBuilderLib\ModuleBuilderLib.csproj", "{2BE609D5-F4F2-491B-878F-AAD0B7BF07EE}"
EndProject
Project("{FAE04EC0-301F-11D3-BF4B-00C04F79EFBC}") = "ModuleBuilderTest", "ModuleBuilderTest\ModuleBuilderTest.csproj", "{AF935472-3343-421C-8FC9-059B297508DE}"
EndProject
Global
	GlobalSection(SolutionConfigurationPlatforms) = preSolution
		Debug|Any CPU = Debug|Any CPU
		Release|Any CPU = Release|Any CPU
	EndGlobalSection
	GlobalSection(ProjectConfigurationPlatforms) = postSolution
		{2BE609D5-F4F2-491B-878F-AAD0B7BF07EE}.Debug|Any CPU.ActiveCfg = Debug|Any CPU
		{2BE609D5-F4F2-491B-878F-AAD0B7BF07EE}.Debug|Any CPU.Build.0 = Debug|Any CPU
		{2BE609D5-F4F2-491B-878F-AAD0B7BF07EE}.Release|Any CPU.ActiveCfg = Release|Any CPU
		{2BE609D5-F4F2-491B-878F-AAD0B7BF07EE}.Release|Any CPU.Build.0 = Release|Any CPU
		{AF935472-3343-421C-8FC9-059B297508DE}.Debug|Any CPU.ActiveCfg = Debug|Any CPU
		{AF935472-3343-421C-8FC9-059B297508DE}.Debug|Any CPU.Build.0 = Debug|Any CPU
		{AF935472-3343-421C-8FC9-059B297508DE}.Release|Any CPU.ActiveCfg = Release|Any CPU
		{AF935472-3343-421C-8FC9-059B297508DE}.Release|Any CPU.Build.0 = Release|Any CPU
	EndGlobalSection
	GlobalSection(SolutionProperties) = preSolution
		HideSolutionNode = FALSE
	EndGlobalSection
	GlobalSection(ExtensibilityGlobals) = postSolution
		SolutionGuid = {D31BA3C8-CA50-4259-A6B0-EDD30A4AB048}
	EndGlobalSection
EndGlobal
